
Microsoft Visual Studio Solution File, Format Version 12.00
# Visual Studio Version 17
VisualStudioVersion = 17.11.35303.130
MinimumVisualStudioVersion = 10.0.40219.1
Project("{FAE04EC0-301F-11D3-BF4B-00C04F79EFBC}") = "AnimalsProyectDI", "AnimalsProyectDI\AnimalsProyectDI.csproj", "{736469FA-B0E7-480D-8F10-3F5CD8072FFC}"
EndProject
Global
	GlobalSection(SolutionConfigurationPlatforms) = preSolution
		Debug|Any CPU = Debug|Any CPU
		Release|Any CPU = Release|Any CPU
	EndGlobalSection
	GlobalSection(ProjectConfigurationPlatforms) = postSolution
		{736469FA-B0E7-480D-8F10-3F5CD8072FFC}.Debug|Any CPU.ActiveCfg = Debug|Any CPU
		{736469FA-B0E7-480D-8F10-3F5CD8072FFC}.Debug|Any CPU.Build.0 = Debug|Any CPU
		{736469FA-B0E7-480D-8F10-3F5CD8072FFC}.Debug|Any CPU.Deploy.0 = Debug|Any CPU
		{736469FA-B0E7-480D-8F10-3F5CD8072FFC}.Release|Any CPU.ActiveCfg = Release|Any CPU
		{736469FA-B0E7-480D-8F10-3F5CD8072FFC}.Release|Any CPU.Build.0 = Release|Any CPU
		{736469FA-B0E7-480D-8F10-3F5CD8072FFC}.Release|Any CPU.Deploy.0 = Release|Any CPU
	EndGlobalSection
	GlobalSection(SolutionProperties) = preSolution
		HideSolutionNode = FALSE
	EndGlobalSection
	GlobalSection(ExtensibilityGlobals) = postSolution
		SolutionGuid = {7B1B32D3-319A-4D74-82A6-7BD7096FB5A9}
	EndGlobalSection
EndGlobal
